
Microsoft Visual Studio Solution File, Format Version 12.00
# Visual Studio 2013
VisualStudioVersion = 12.0.40629.0
MinimumVisualStudioVersion = 10.0.40219.1
Project("{FAE04EC0-301F-11D3-BF4B-00C04F79EFBC}") = "Server", "Server\Server.csproj", "{6D175197-B6C9-4725-9E80-74C5FFB0F07E}"
EndProject
Project("{FAE04EC0-301F-11D3-BF4B-00C04F79EFBC}") = "Client", "Client\Client.csproj", "{0C8D62A5-673E-470D-9C54-A436F0B0A19A}"
EndProject
Project("{2150E333-8FDC-42A3-9474-1A3956D46DE8}") = "Solution Items", "Solution Items", "{FF93C467-D9B4-4125-B8ED-DABF871D1E8F}"
	ProjectSection(SolutionItems) = preProject
		Readme.md = Readme.md
	EndProjectSection
EndProject
Global
	GlobalSection(SolutionConfigurationPlatforms) = preSolution
		Debug|Any CPU = Debug|Any CPU
		Release|Any CPU = Release|Any CPU
	EndGlobalSection
	GlobalSection(ProjectConfigurationPlatforms) = postSolution
		{6D175197-B6C9-4725-9E80-74C5FFB0F07E}.Debug|Any CPU.ActiveCfg = Debug|Any CPU
		{6D175197-B6C9-4725-9E80-74C5FFB0F07E}.Debug|Any CPU.Build.0 = Debug|Any CPU
		{6D175197-B6C9-4725-9E80-74C5FFB0F07E}.Release|Any CPU.ActiveCfg = Release|Any CPU
		{6D175197-B6C9-4725-9E80-74C5FFB0F07E}.Release|Any CPU.Build.0 = Release|Any CPU
		{0C8D62A5-673E-470D-9C54-A436F0B0A19A}.Debug|Any CPU.ActiveCfg = Debug|Any CPU
		{0C8D62A5-673E-470D-9C54-A436F0B0A19A}.Debug|Any CPU.Build.0 = Debug|Any CPU
		{0C8D62A5-673E-470D-9C54-A436F0B0A19A}.Release|Any CPU.ActiveCfg = Release|Any CPU
		{0C8D62A5-673E-470D-9C54-A436F0B0A19A}.Release|Any CPU.Build.0 = Release|Any CPU
	EndGlobalSection
	GlobalSection(SolutionProperties) = preSolution
		HideSolutionNode = FALSE
	EndGlobalSection
EndGlobal
