
Microsoft Visual Studio Solution File, Format Version 12.00
# Visual Studio 15
VisualStudioVersion = 15.0.28010.2019
MinimumVisualStudioVersion = 10.0.40219.1
Project("{FAE04EC0-301F-11D3-BF4B-00C04F79EFBC}") = "MultipleTargets", "MultipleTargets\MultipleTargets.csproj", "{A50B47AB-9160-46F6-9B10-7A7514AC0EB4}"
EndProject
Global
	GlobalSection(SolutionConfigurationPlatforms) = preSolution
		Debug|Any CPU = Debug|Any CPU
		Release|Any CPU = Release|Any CPU
	EndGlobalSection
	GlobalSection(ProjectConfigurationPlatforms) = postSolution
		{A50B47AB-9160-46F6-9B10-7A7514AC0EB4}.Debug|Any CPU.ActiveCfg = Debug|Any CPU
		{A50B47AB-9160-46F6-9B10-7A7514AC0EB4}.Debug|Any CPU.Build.0 = Debug|Any CPU
		{A50B47AB-9160-46F6-9B10-7A7514AC0EB4}.Release|Any CPU.ActiveCfg = Release|Any CPU
		{A50B47AB-9160-46F6-9B10-7A7514AC0EB4}.Release|Any CPU.Build.0 = Release|Any CPU
	EndGlobalSection
	GlobalSection(SolutionProperties) = preSolution
		HideSolutionNode = FALSE
	EndGlobalSection
	GlobalSection(ExtensibilityGlobals) = postSolution
		SolutionGuid = {63E240AA-03A6-40CE-9FB9-196842D0D506}
	EndGlobalSection
EndGlobal
